<?xml version="1.0" encoding="utf-8"?>
<Project ToolsVersion="4.0" xmlns="http://schemas.microsoft.com/developer/msbuild/2003">
  <ItemGroup>
    <Filter Include="Source Files">
      <UniqueIdentifier>{4FC737F1-C7A5-4376-A066-2A32D752A2FF}</UniqueIdentifier>
      <Extensions>cpp;c;cc;cxx;def;odl;idl;hpj;bat;asm;asmx</Extensions>
    </Filter>
    <Filter Include="Header Files">
      <UniqueIdentifier>{93995380-89BD-4b04-88EB-625FBE52EBFB}</UniqueIdentifier>
      <Extensions>h;hh;hpp;hxx;hm;inl;inc;xsd</Extensions>
    </Filter>
    <Filter Include="Resource Files">
      <UniqueIdentifier>{67DA6AB6-F800-4c08-8B7A-83BB121AAD01}</UniqueIdentifier>
      <Extensions>rc;ico;cur;bmp;dlg;rc2;rct;bin;rgs;gif;jpg;jpeg;jpe;resx;tiff;tif;png;wav;mfcribbon-ms</Extensions>
    </Filter>
  </ItemGroup>
  <ItemGroup>
    <Text Include="ReadMe.txt" />
  </ItemGroup>
  <ItemGroup>
    <ClInclude Include="FlatTabCtrl.h">
      <Filter>Header Files</Filter>
    </ClInclude>
    <ClInclude Include="FlatTabCtrlDlg.h">
      <Filter>Header Files</Filter>
    </ClInclude>
    <ClInclude Include="stdafx.h">
      <Filter>Header Files</Filter>
    </ClInclude>
    <ClInclude Include="targetver.h">
      <Filter>Header Files</Filter>
    </ClInclude>
    <ClInclude Include="Resource.h">
      <Filter>Header Files</Filter>
    </ClInclude>
    <ClInclude Include="TTButton.h">
      <Filter>Header Files</Filter>
    </ClInclude>
    <ClInclude Include="wbbutton.h">
      <Filter>Header Files</Filter>
    </ClInclude>
    <ClInclude Include="TTEdit.h">
      <Filter>Header Files</Filter>
    </ClInclude>
    <ClInclude Include="BoringStaticCtrl.h">
      <Filter>Header Files</Filter>
    </ClInclude>
    <ClInclude Include="TabSheet2.h">
      <Filter>Header Files</Filter>
    </ClInclude>
    <ClInclude Include="TabSheet1.h">
      <Filter>Header Files</Filter>
    </ClInclude>
    <ClInclude Include="BoringComboBox.h">
      <Filter>Header Files</Filter>
    </ClInclude>
    <ClInclude Include="BGWorkerDlg.h">
      <Filter>Header Files</Filter>
    </ClInclude>
    <ClInclude Include="BoringEditCtrl.h">
      <Filter>Source Files</Filter>
    </ClInclude>
    <ClInclude Include="BoringEditCtrl2.h">
      <Filter>Header Files</Filter>
    </ClInclude>
    <ClInclude Include="BoringButtonCtrl.h">
      <Filter>Header Files</Filter>
    </ClInclude>
    <ClInclude Include="TTButton2.h">
      <Filter>Header Files</Filter>
    </ClInclude>
    <ClInclude Include="ControlsColorMap.h">
      <Filter>Header Files</Filter>
    </ClInclude>
    <ClInclude Include="TTComboBox.h">
      <Filter>Header Files</Filter>
    </ClInclude>
    <ClInclude Include="TTComboEdit.h">
      <Filter>Header Files</Filter>
    </ClInclude>
    <ClInclude Include="TTComboListBox.h">
      <Filter>Header Files</Filter>
    </ClInclude>
    <ClInclude Include="TTStatic.h">
      <Filter>Header Files</Filter>
    </ClInclude>
    <ClInclude Include="CommonDrawing.h">
      <Filter>Header Files</Filter>
    </ClInclude>
    <ClInclude Include="TTTabCtrl.h">
      <Filter>Header Files</Filter>
    </ClInclude>
  </ItemGroup>
  <ItemGroup>
    <ClCompile Include="FlatTabCtrl.cpp">
      <Filter>Source Files</Filter>
    </ClCompile>
    <ClCompile Include="FlatTabCtrlDlg.cpp">
      <Filter>Source Files</Filter>
    </ClCompile>
    <ClCompile Include="stdafx.cpp">
      <Filter>Source Files</Filter>
    </ClCompile>
    <ClCompile Include="TTButton.cpp">
      <Filter>Source Files</Filter>
    </ClCompile>
    <ClCompile Include="wbbutton.cpp">
      <Filter>Source Files</Filter>
    </ClCompile>
    <ClCompile Include="TTEdit.cpp">
      <Filter>Source Files</Filter>
    </ClCompile>
    <ClCompile Include="BoringStaticCtrl.cpp">
      <Filter>Source Files</Filter>
    </ClCompile>
    <ClCompile Include="TabSheet2.cpp">
      <Filter>Source Files</Filter>
    </ClCompile>
    <ClCompile Include="TabSheet1.cpp">
      <Filter>Source Files</Filter>
    </ClCompile>
    <ClCompile Include="BoringComboBox.cpp">
      <Filter>Source Files</Filter>
    </ClCompile>
    <ClCompile Include="BGWorkerDlg.cpp">
      <Filter>Source Files</Filter>
    </ClCompile>
    <ClCompile Include="BoringEditCtrl.cpp">
      <Filter>Source Files</Filter>
    </ClCompile>
    <ClCompile Include="BoringEditCtrl2.cpp">
      <Filter>Source Files</Filter>
    </ClCompile>
    <ClCompile Include="BoringButtonCtrl.cpp">
      <Filter>Source Files</Filter>
    </ClCompile>
    <ClCompile Include="TTButton2.cpp">
      <Filter>Source Files</Filter>
    </ClCompile>
    <ClCompile Include="ControlsColorMap.cpp">
      <Filter>Source Files</Filter>
    </ClCompile>
    <ClCompile Include="TTComboBox.cpp">
      <Filter>Source Files</Filter>
    </ClCompile>
    <ClCompile Include="TTComboEdit.cpp">
      <Filter>Source Files</Filter>
    </ClCompile>
    <ClCompile Include="TTComboListBox.cpp">
      <Filter>Source Files</Filter>
    </ClCompile>
    <ClCompile Include="TTStatic.cpp">
      <Filter>Source Files</Filter>
    </ClCompile>
    <ClCompile Include="CommonDrawing.cpp">
      <Filter>Source Files</Filter>
    </ClCompile>
    <ClCompile Include="TTTabCtrl.cpp">
      <Filter>Source Files</Filter>
    </ClCompile>
  </ItemGroup>
  <ItemGroup>
    <ResourceCompile Include="FlatTabCtrl.rc">
      <Filter>Resource Files</Filter>
    </ResourceCompile>
  </ItemGroup>
  <ItemGroup>
    <None Include="res\FlatTabCtrl.rc2">
      <Filter>Resource Files</Filter>
    </None>
  </ItemGroup>
  <ItemGroup>
    <Image Include="res\FlatTabCtrl.ico">
      <Filter>Resource Files</Filter>
    </Image>
    <Image Include="res\ButtonsWin3000.bmp">
      <Filter>Resource Files</Filter>
    </Image>
    <Image Include="res\Project13.bmp">
      <Filter>Resource Files</Filter>
    </Image>
    <Image Include="res\bitmap2.bmp">
      <Filter>Resource Files</Filter>
    </Image>
  </ItemGroup>
</Project>